
Microsoft Visual Studio Solution File, Format Version 12.00
# Visual Studio Version 17
VisualStudioVersion = 17.5.2.0
MinimumVisualStudioVersion = 10.0.40219.1
Project("{FAE04EC0-301F-11D3-BF4B-00C04F79EFBC}") = "MetApi", "MetApi\MetApi.csproj", "{C7ED8ECB-0439-F1DD-2D37-F6B373A3EF01}"
EndProject
Project("{FAE04EC0-301F-11D3-BF4B-00C04F79EFBC}") = "Core", "Core\Core.csproj", "{644F835A-AABD-4904-924F-D0D9B59B563F}"
EndProject
Project("{FAE04EC0-301F-11D3-BF4B-00C04F79EFBC}") = "Infra", "Infra\Infra.csproj", "{22819849-ECAF-4667-80BF-B495155A14E1}"
EndProject
Global
	GlobalSection(SolutionConfigurationPlatforms) = preSolution
		Debug|Any CPU = Debug|Any CPU
		Debug|x64 = Debug|x64
		Debug|x86 = Debug|x86
		Release|Any CPU = Release|Any CPU
		Release|x64 = Release|x64
		Release|x86 = Release|x86
	EndGlobalSection
	GlobalSection(ProjectConfigurationPlatforms) = postSolution
		{C7ED8ECB-0439-F1DD-2D37-F6B373A3EF01}.Debug|Any CPU.ActiveCfg = Debug|Any CPU
		{C7ED8ECB-0439-F1DD-2D37-F6B373A3EF01}.Debug|Any CPU.Build.0 = Debug|Any CPU
		{C7ED8ECB-0439-F1DD-2D37-F6B373A3EF01}.Debug|x64.ActiveCfg = Debug|Any CPU
		{C7ED8ECB-0439-F1DD-2D37-F6B373A3EF01}.Debug|x64.Build.0 = Debug|Any CPU
		{C7ED8ECB-0439-F1DD-2D37-F6B373A3EF01}.Debug|x86.ActiveCfg = Debug|Any CPU
		{C7ED8ECB-0439-F1DD-2D37-F6B373A3EF01}.Debug|x86.Build.0 = Debug|Any CPU
		{C7ED8ECB-0439-F1DD-2D37-F6B373A3EF01}.Release|Any CPU.ActiveCfg = Release|Any CPU
		{C7ED8ECB-0439-F1DD-2D37-F6B373A3EF01}.Release|Any CPU.Build.0 = Release|Any CPU
		{C7ED8ECB-0439-F1DD-2D37-F6B373A3EF01}.Release|x64.ActiveCfg = Release|Any CPU
		{C7ED8ECB-0439-F1DD-2D37-F6B373A3EF01}.Release|x64.Build.0 = Release|Any CPU
		{C7ED8ECB-0439-F1DD-2D37-F6B373A3EF01}.Release|x86.ActiveCfg = Release|Any CPU
		{C7ED8ECB-0439-F1DD-2D37-F6B373A3EF01}.Release|x86.Build.0 = Release|Any CPU
		{644F835A-AABD-4904-924F-D0D9B59B563F}.Debug|Any CPU.ActiveCfg = Debug|Any CPU
		{644F835A-AABD-4904-924F-D0D9B59B563F}.Debug|Any CPU.Build.0 = Debug|Any CPU
		{644F835A-AABD-4904-924F-D0D9B59B563F}.Debug|x64.ActiveCfg = Debug|Any CPU
		{644F835A-AABD-4904-924F-D0D9B59B563F}.Debug|x64.Build.0 = Debug|Any CPU
		{644F835A-AABD-4904-924F-D0D9B59B563F}.Debug|x86.ActiveCfg = Debug|Any CPU
		{644F835A-AABD-4904-924F-D0D9B59B563F}.Debug|x86.Build.0 = Debug|Any CPU
		{644F835A-AABD-4904-924F-D0D9B59B563F}.Release|Any CPU.ActiveCfg = Release|Any CPU
		{644F835A-AABD-4904-924F-D0D9B59B563F}.Release|Any CPU.Build.0 = Release|Any CPU
		{644F835A-AABD-4904-924F-D0D9B59B563F}.Release|x64.ActiveCfg = Release|Any CPU
		{644F835A-AABD-4904-924F-D0D9B59B563F}.Release|x64.Build.0 = Release|Any CPU
		{644F835A-AABD-4904-924F-D0D9B59B563F}.Release|x86.ActiveCfg = Release|Any CPU
		{644F835A-AABD-4904-924F-D0D9B59B563F}.Release|x86.Build.0 = Release|Any CPU
		{22819849-ECAF-4667-80BF-B495155A14E1}.Debug|Any CPU.ActiveCfg = Debug|Any CPU
		{22819849-ECAF-4667-80BF-B495155A14E1}.Debug|Any CPU.Build.0 = Debug|Any CPU
		{22819849-ECAF-4667-80BF-B495155A14E1}.Debug|x64.ActiveCfg = Debug|Any CPU
		{22819849-ECAF-4667-80BF-B495155A14E1}.Debug|x64.Build.0 = Debug|Any CPU
		{22819849-ECAF-4667-80BF-B495155A14E1}.Debug|x86.ActiveCfg = Debug|Any CPU
		{22819849-ECAF-4667-80BF-B495155A14E1}.Debug|x86.Build.0 = Debug|Any CPU
		{22819849-ECAF-4667-80BF-B495155A14E1}.Release|Any CPU.ActiveCfg = Release|Any CPU
		{22819849-ECAF-4667-80BF-B495155A14E1}.Release|Any CPU.Build.0 = Release|Any CPU
		{22819849-ECAF-4667-80BF-B495155A14E1}.Release|x64.ActiveCfg = Release|Any CPU
		{22819849-ECAF-4667-80BF-B495155A14E1}.Release|x64.Build.0 = Release|Any CPU
		{22819849-ECAF-4667-80BF-B495155A14E1}.Release|x86.ActiveCfg = Release|Any CPU
		{22819849-ECAF-4667-80BF-B495155A14E1}.Release|x86.Build.0 = Release|Any CPU
	EndGlobalSection
	GlobalSection(SolutionProperties) = preSolution
		HideSolutionNode = FALSE
	EndGlobalSection
	GlobalSection(ExtensibilityGlobals) = postSolution
		SolutionGuid = {879CEC1F-243C-447C-9B79-C80A8F86DBAF}
	EndGlobalSection
EndGlobal
